
Microsoft Visual Studio Solution File, Format Version 12.00
# Visual Studio Version 17
VisualStudioVersion = 17.10.35013.160
MinimumVisualStudioVersion = 10.0.40219.1
Project("{9A19103F-16F7-4668-BE54-9A1E7A4F7556}") = "AuthService", "src\AuthService\AuthService.csproj", "{58407ACA-9702-474D-9F96-6053B0EBAA7A}"
EndProject
Project("{9A19103F-16F7-4668-BE54-9A1E7A4F7556}") = "FinanceService", "src\FinanceService\FinanceService.csproj", "{69B5F6A8-9718-4298-838C-8AE423118632}"
EndProject
Project("{9A19103F-16F7-4668-BE54-9A1E7A4F7556}") = "NotificationService", "src\NotificationService\NotificationService.csproj", "{730615FA-2F40-470D-A291-5DAF78E96A5E}"
EndProject
Project("{9A19103F-16F7-4668-BE54-9A1E7A4F7556}") = "Shared", "src\Shared\Shared.csproj", "{C5215C11-CDE8-4D54-A7C2-44E7F6ED7256}"
EndProject
Project("{FAE04EC0-301F-11D3-BF4B-00C04F79EFBC}") = "AuthServiceTest", "AuthServiceTest\AuthServiceTest.csproj", "{497D1ABD-829F-4C86-B983-D9CF123FD3C4}"
EndProject
Global
	GlobalSection(SolutionConfigurationPlatforms) = preSolution
		Debug|Any CPU = Debug|Any CPU
		Release|Any CPU = Release|Any CPU
	EndGlobalSection
	GlobalSection(ProjectConfigurationPlatforms) = postSolution
		{58407ACA-9702-474D-9F96-6053B0EBAA7A}.Debug|Any CPU.ActiveCfg = Debug|Any CPU
		{58407ACA-9702-474D-9F96-6053B0EBAA7A}.Debug|Any CPU.Build.0 = Debug|Any CPU
		{58407ACA-9702-474D-9F96-6053B0EBAA7A}.Release|Any CPU.ActiveCfg = Release|Any CPU
		{58407ACA-9702-474D-9F96-6053B0EBAA7A}.Release|Any CPU.Build.0 = Release|Any CPU
		{69B5F6A8-9718-4298-838C-8AE423118632}.Debug|Any CPU.ActiveCfg = Debug|Any CPU
		{69B5F6A8-9718-4298-838C-8AE423118632}.Debug|Any CPU.Build.0 = Debug|Any CPU
		{69B5F6A8-9718-4298-838C-8AE423118632}.Release|Any CPU.ActiveCfg = Release|Any CPU
		{69B5F6A8-9718-4298-838C-8AE423118632}.Release|Any CPU.Build.0 = Release|Any CPU
		{730615FA-2F40-470D-A291-5DAF78E96A5E}.Debug|Any CPU.ActiveCfg = Debug|Any CPU
		{730615FA-2F40-470D-A291-5DAF78E96A5E}.Debug|Any CPU.Build.0 = Debug|Any CPU
		{730615FA-2F40-470D-A291-5DAF78E96A5E}.Release|Any CPU.ActiveCfg = Release|Any CPU
		{730615FA-2F40-470D-A291-5DAF78E96A5E}.Release|Any CPU.Build.0 = Release|Any CPU
		{C5215C11-CDE8-4D54-A7C2-44E7F6ED7256}.Debug|Any CPU.ActiveCfg = Debug|Any CPU
		{C5215C11-CDE8-4D54-A7C2-44E7F6ED7256}.Debug|Any CPU.Build.0 = Debug|Any CPU
		{C5215C11-CDE8-4D54-A7C2-44E7F6ED7256}.Release|Any CPU.ActiveCfg = Release|Any CPU
		{C5215C11-CDE8-4D54-A7C2-44E7F6ED7256}.Release|Any CPU.Build.0 = Release|Any CPU
		{497D1ABD-829F-4C86-B983-D9CF123FD3C4}.Debug|Any CPU.ActiveCfg = Debug|Any CPU
		{497D1ABD-829F-4C86-B983-D9CF123FD3C4}.Debug|Any CPU.Build.0 = Debug|Any CPU
		{497D1ABD-829F-4C86-B983-D9CF123FD3C4}.Release|Any CPU.ActiveCfg = Release|Any CPU
		{497D1ABD-829F-4C86-B983-D9CF123FD3C4}.Release|Any CPU.Build.0 = Release|Any CPU
	EndGlobalSection
	GlobalSection(SolutionProperties) = preSolution
		HideSolutionNode = FALSE
	EndGlobalSection
	GlobalSection(ExtensibilityGlobals) = postSolution
		SolutionGuid = {216467B4-14D8-4F0E-A22B-BD243E8CB976}
	EndGlobalSection
EndGlobal
